
Microsoft Visual Studio Solution File, Format Version 12.00
# Visual Studio Version 17
VisualStudioVersion = 17.11.35219.272
MinimumVisualStudioVersion = 10.0.40219.1
Project("{9A19103F-16F7-4668-BE54-9A1E7A4F7556}") = "Project1", "Project1.csproj", "{BEACA47F-3F84-4AE4-B08C-9C11BD5282A3}"
EndProject
Global
	GlobalSection(SolutionConfigurationPlatforms) = preSolution
		Debug|Any CPU = Debug|Any CPU
		Release|Any CPU = Release|Any CPU
	EndGlobalSection
	GlobalSection(ProjectConfigurationPlatforms) = postSolution
		{BEACA47F-3F84-4AE4-B08C-9C11BD5282A3}.Debug|Any CPU.ActiveCfg = Debug|Any CPU
		{BEACA47F-3F84-4AE4-B08C-9C11BD5282A3}.Debug|Any CPU.Build.0 = Debug|Any CPU
		{BEACA47F-3F84-4AE4-B08C-9C11BD5282A3}.Release|Any CPU.ActiveCfg = Release|Any CPU
		{BEACA47F-3F84-4AE4-B08C-9C11BD5282A3}.Release|Any CPU.Build.0 = Release|Any CPU
	EndGlobalSection
	GlobalSection(SolutionProperties) = preSolution
		HideSolutionNode = FALSE
	EndGlobalSection
	GlobalSection(ExtensibilityGlobals) = postSolution
		SolutionGuid = {089D9789-1F8A-42F5-B20C-0B6FCC10EC31}
	EndGlobalSection
EndGlobal
