
Microsoft Visual Studio Solution File, Format Version 12.00
# Visual Studio Version 17
VisualStudioVersion = 17.11.35219.272
MinimumVisualStudioVersion = 10.0.40219.1
Project("{FAE04EC0-301F-11D3-BF4B-00C04F79EFBC}") = "project", "project.csproj", "{50354BDC-939D-47E3-85D6-09FA43FF6818}"
EndProject
Global
	GlobalSection(SolutionConfigurationPlatforms) = preSolution
		Debug|Any CPU = Debug|Any CPU
		Release|Any CPU = Release|Any CPU
	EndGlobalSection
	GlobalSection(ProjectConfigurationPlatforms) = postSolution
		{50354BDC-939D-47E3-85D6-09FA43FF6818}.Debug|Any CPU.ActiveCfg = Debug|Any CPU
		{50354BDC-939D-47E3-85D6-09FA43FF6818}.Debug|Any CPU.Build.0 = Debug|Any CPU
		{50354BDC-939D-47E3-85D6-09FA43FF6818}.Release|Any CPU.ActiveCfg = Release|Any CPU
		{50354BDC-939D-47E3-85D6-09FA43FF6818}.Release|Any CPU.Build.0 = Release|Any CPU
	EndGlobalSection
	GlobalSection(SolutionProperties) = preSolution
		HideSolutionNode = FALSE
	EndGlobalSection
	GlobalSection(ExtensibilityGlobals) = postSolution
		SolutionGuid = {63A655BC-9844-44D2-A505-55B4F92ED379}
	EndGlobalSection
EndGlobal
