
Microsoft Visual Studio Solution File, Format Version 12.00
# Visual Studio Version 17
VisualStudioVersion = 17.11.35219.272
MinimumVisualStudioVersion = 10.0.40219.1
Project("{FAE04EC0-301F-11D3-BF4B-00C04F79EFBC}") = "baikiemtra02", "baikiemtra02\baikiemtra02.csproj", "{5C5E02AA-BBA1-44BE-9FF6-967830C91046}"
EndProject
Global
	GlobalSection(SolutionConfigurationPlatforms) = preSolution
		Debug|Any CPU = Debug|Any CPU
		Release|Any CPU = Release|Any CPU
	EndGlobalSection
	GlobalSection(ProjectConfigurationPlatforms) = postSolution
		{5C5E02AA-BBA1-44BE-9FF6-967830C91046}.Debug|Any CPU.ActiveCfg = Debug|Any CPU
		{5C5E02AA-BBA1-44BE-9FF6-967830C91046}.Debug|Any CPU.Build.0 = Debug|Any CPU
		{5C5E02AA-BBA1-44BE-9FF6-967830C91046}.Release|Any CPU.ActiveCfg = Release|Any CPU
		{5C5E02AA-BBA1-44BE-9FF6-967830C91046}.Release|Any CPU.Build.0 = Release|Any CPU
	EndGlobalSection
	GlobalSection(SolutionProperties) = preSolution
		HideSolutionNode = FALSE
	EndGlobalSection
	GlobalSection(ExtensibilityGlobals) = postSolution
		SolutionGuid = {70E327B5-BE8C-4050-B109-8569F45AFF7B}
	EndGlobalSection
EndGlobal
