
Microsoft Visual Studio Solution File, Format Version 12.00
# Visual Studio Version 17
VisualStudioVersion = 17.11.35219.272
MinimumVisualStudioVersion = 10.0.40219.1
Project("{FAE04EC0-301F-11D3-BF4B-00C04F79EFBC}") = "baitap06", "baitap06.csproj", "{79318B7F-24DB-4007-9107-9820DD5EDAFA}"
EndProject
Global
	GlobalSection(SolutionConfigurationPlatforms) = preSolution
		Debug|Any CPU = Debug|Any CPU
		Release|Any CPU = Release|Any CPU
	EndGlobalSection
	GlobalSection(ProjectConfigurationPlatforms) = postSolution
		{79318B7F-24DB-4007-9107-9820DD5EDAFA}.Debug|Any CPU.ActiveCfg = Debug|Any CPU
		{79318B7F-24DB-4007-9107-9820DD5EDAFA}.Debug|Any CPU.Build.0 = Debug|Any CPU
		{79318B7F-24DB-4007-9107-9820DD5EDAFA}.Release|Any CPU.ActiveCfg = Release|Any CPU
		{79318B7F-24DB-4007-9107-9820DD5EDAFA}.Release|Any CPU.Build.0 = Release|Any CPU
	EndGlobalSection
	GlobalSection(SolutionProperties) = preSolution
		HideSolutionNode = FALSE
	EndGlobalSection
	GlobalSection(ExtensibilityGlobals) = postSolution
		SolutionGuid = {EB5BA7B4-0431-4C81-912D-782D47CD95A4}
	EndGlobalSection
EndGlobal
