
Microsoft Visual Studio Solution File, Format Version 12.00
# Visual Studio Version 17
VisualStudioVersion = 17.11.35219.272
MinimumVisualStudioVersion = 10.0.40219.1
Project("{FAE04EC0-301F-11D3-BF4B-00C04F79EFBC}") = "Baitap02a", "Baitap02a.csproj", "{B4A4C78E-50AA-4E71-BC34-1C554D085B00}"
EndProject
Global
	GlobalSection(SolutionConfigurationPlatforms) = preSolution
		Debug|Any CPU = Debug|Any CPU
		Release|Any CPU = Release|Any CPU
	EndGlobalSection
	GlobalSection(ProjectConfigurationPlatforms) = postSolution
		{B4A4C78E-50AA-4E71-BC34-1C554D085B00}.Debug|Any CPU.ActiveCfg = Debug|Any CPU
		{B4A4C78E-50AA-4E71-BC34-1C554D085B00}.Debug|Any CPU.Build.0 = Debug|Any CPU
		{B4A4C78E-50AA-4E71-BC34-1C554D085B00}.Release|Any CPU.ActiveCfg = Release|Any CPU
		{B4A4C78E-50AA-4E71-BC34-1C554D085B00}.Release|Any CPU.Build.0 = Release|Any CPU
	EndGlobalSection
	GlobalSection(SolutionProperties) = preSolution
		HideSolutionNode = FALSE
	EndGlobalSection
	GlobalSection(ExtensibilityGlobals) = postSolution
		SolutionGuid = {D1F16E6C-E0C0-442D-B839-181BC8E0027C}
	EndGlobalSection
EndGlobal
